
Microsoft Visual Studio Solution File, Format Version 12.00
# Visual Studio Version 17
VisualStudioVersion = 17.8.34330.188
MinimumVisualStudioVersion = 10.0.40219.1
Project("{FAE04EC0-301F-11D3-BF4B-00C04F79EFBC}") = "Pawn-py", "Pawn-py.csproj", "{51DBA836-C501-4D96-A78C-1208203B66C7}"
EndProject
Global
	GlobalSection(SolutionConfigurationPlatforms) = preSolution
		Debug|Any CPU = Debug|Any CPU
		Release|Any CPU = Release|Any CPU
	EndGlobalSection
	GlobalSection(ProjectConfigurationPlatforms) = postSolution
		{51DBA836-C501-4D96-A78C-1208203B66C7}.Debug|Any CPU.ActiveCfg = Debug|Any CPU
		{51DBA836-C501-4D96-A78C-1208203B66C7}.Debug|Any CPU.Build.0 = Debug|Any CPU
		{51DBA836-C501-4D96-A78C-1208203B66C7}.Release|Any CPU.ActiveCfg = Release|Any CPU
		{51DBA836-C501-4D96-A78C-1208203B66C7}.Release|Any CPU.Build.0 = Release|Any CPU
	EndGlobalSection
	GlobalSection(SolutionProperties) = preSolution
		HideSolutionNode = FALSE
	EndGlobalSection
	GlobalSection(ExtensibilityGlobals) = postSolution
		SolutionGuid = {C6C1AB79-2E8E-4DBA-AC63-A4D73272D092}
	EndGlobalSection
EndGlobal
